
Microsoft Visual Studio Solution File, Format Version 12.00
# Visual Studio 15
VisualStudioVersion = 15.0.27703.2026
MinimumVisualStudioVersion = 10.0.40219.1
Project("{FAE04EC0-301F-11D3-BF4B-00C04F79EFBC}") = "demoapp", "demoapp\demoapp.csproj", "{36068305-49D8-4255-9D58-8C662A909141}"
EndProject
Global
	GlobalSection(SolutionConfigurationPlatforms) = preSolution
		Debug|Any CPU = Debug|Any CPU
		Release|Any CPU = Release|Any CPU
	EndGlobalSection
	GlobalSection(ProjectConfigurationPlatforms) = postSolution
		{36068305-49D8-4255-9D58-8C662A909141}.Debug|Any CPU.ActiveCfg = Debug|Any CPU
		{36068305-49D8-4255-9D58-8C662A909141}.Debug|Any CPU.Build.0 = Debug|Any CPU
		{36068305-49D8-4255-9D58-8C662A909141}.Release|Any CPU.ActiveCfg = Release|Any CPU
		{36068305-49D8-4255-9D58-8C662A909141}.Release|Any CPU.Build.0 = Release|Any CPU
	EndGlobalSection
	GlobalSection(SolutionProperties) = preSolution
		HideSolutionNode = FALSE
	EndGlobalSection
	GlobalSection(ExtensibilityGlobals) = postSolution
		SolutionGuid = {9FE4FD88-C33C-4E2D-AB43-926BF9A1ACD5}
	EndGlobalSection
EndGlobal
